
Microsoft Visual Studio Solution File, Format Version 12.00
# Visual Studio 15
VisualStudioVersion = 15.0.27130.2010
MinimumVisualStudioVersion = 10.0.40219.1
Project("{FAE04EC0-301F-11D3-BF4B-00C04F79EFBC}") = "BCFF", "BCFF.csproj", "{9793CB2E-094A-41C9-81BC-27E60620538D}"
EndProject
Global
	GlobalSection(SolutionConfigurationPlatforms) = preSolution
		Debug|Any CPU = Debug|Any CPU
		Release|Any CPU = Release|Any CPU
	EndGlobalSection
	GlobalSection(ProjectConfigurationPlatforms) = postSolution
		{9793CB2E-094A-41C9-81BC-27E60620538D}.Debug|Any CPU.ActiveCfg = Debug|Any CPU
		{9793CB2E-094A-41C9-81BC-27E60620538D}.Debug|Any CPU.Build.0 = Debug|Any CPU
		{9793CB2E-094A-41C9-81BC-27E60620538D}.Release|Any CPU.ActiveCfg = Release|Any CPU
		{9793CB2E-094A-41C9-81BC-27E60620538D}.Release|Any CPU.Build.0 = Release|Any CPU
	EndGlobalSection
	GlobalSection(SolutionProperties) = preSolution
		HideSolutionNode = FALSE
	EndGlobalSection
	GlobalSection(ExtensibilityGlobals) = postSolution
		SolutionGuid = {DC6CCC11-A5A5-4256-822B-F11196C4A064}
	EndGlobalSection
EndGlobal
